
Microsoft Visual Studio Solution File, Format Version 12.00
# Visual Studio Version 17
VisualStudioVersion = 17.6.33723.286
MinimumVisualStudioVersion = 10.0.40219.1
Project("{FAE04EC0-301F-11D3-BF4B-00C04F79EFBC}") = "PasswordEvaluator", "PasswordEvaluator\PasswordEvaluator.csproj", "{13D9F2C9-A4E7-4434-A378-1777D323EB8B}"
EndProject
Global
	GlobalSection(SolutionConfigurationPlatforms) = preSolution
		Debug|Any CPU = Debug|Any CPU
		Release|Any CPU = Release|Any CPU
	EndGlobalSection
	GlobalSection(ProjectConfigurationPlatforms) = postSolution
		{13D9F2C9-A4E7-4434-A378-1777D323EB8B}.Debug|Any CPU.ActiveCfg = Debug|Any CPU
		{13D9F2C9-A4E7-4434-A378-1777D323EB8B}.Debug|Any CPU.Build.0 = Debug|Any CPU
		{13D9F2C9-A4E7-4434-A378-1777D323EB8B}.Release|Any CPU.ActiveCfg = Release|Any CPU
		{13D9F2C9-A4E7-4434-A378-1777D323EB8B}.Release|Any CPU.Build.0 = Release|Any CPU
	EndGlobalSection
	GlobalSection(SolutionProperties) = preSolution
		HideSolutionNode = FALSE
	EndGlobalSection
	GlobalSection(ExtensibilityGlobals) = postSolution
		SolutionGuid = {0D028EAC-D8E6-4B70-A3EE-FB90A71FE868}
	EndGlobalSection
EndGlobal
